// !$*UTF8*$!
{
	archiveVersion = 1;
	classes = {
	};
	objectVersion = 55;
	objects = {

/* Begin PBXBuildFile section */
		7B0ED5A9293BEAB10077FE17 /* CalendarModel.swift in Sources */ = {isa = PBXBuildFile; fileRef = 7B0ED5A8293BEAB10077FE17 /* CalendarModel.swift */; };
		7B0ED5AC293CA2E50077FE17 /* EventTableViewCell.swift in Sources */ = {isa = PBXBuildFile; fileRef = 7B0ED5AB293CA2E50077FE17 /* EventTableViewCell.swift */; };
		7B0ED5AF293CA46F0077FE17 /* FSCalendar in Frameworks */ = {isa = PBXBuildFile; productRef = 7B0ED5AE293CA46F0077FE17 /* FSCalendar */; };
		7B0ED5B1293CA4970077FE17 /* SelfViewController.swift in Sources */ = {isa = PBXBuildFile; fileRef = 7B0ED5B0293CA4970077FE17 /* SelfViewController.swift */; };
		7B0ED5B3293CA6B00077FE17 /* CardTableViewController.swift in Sources */ = {isa = PBXBuildFile; fileRef = 7B0ED5B2293CA6B00077FE17 /* CardTableViewController.swift */; };
		7B0ED5B6293E83BC0077FE17 /* BeerAlert.swift in Sources */ = {isa = PBXBuildFile; fileRef = 7B0ED5B5293E83BC0077FE17 /* BeerAlert.swift */; };
		7B92F3002916FD9800FDC9CA /* TaskTableViewCell.swift in Sources */ = {isa = PBXBuildFile; fileRef = 7B92F2FF2916FD9800FDC9CA /* TaskTableViewCell.swift */; };
		7B92F3042916FDC500FDC9CA /* AddTaskViewController.swift in Sources */ = {isa = PBXBuildFile; fileRef = 7B92F3032916FDC500FDC9CA /* AddTaskViewController.swift */; };
		7B92F308291702F700FDC9CA /* RealmManager.swift in Sources */ = {isa = PBXBuildFile; fileRef = 7B92F307291702F700FDC9CA /* RealmManager.swift */; };
		7B92F30A291702FF00FDC9CA /* TaskModel.swift in Sources */ = {isa = PBXBuildFile; fileRef = 7B92F309291702FF00FDC9CA /* TaskModel.swift */; };
		7B92F30D2917049B00FDC9CA /* UIStackView + Extention.swift in Sources */ = {isa = PBXBuildFile; fileRef = 7B92F30C2917049B00FDC9CA /* UIStackView + Extention.swift */; };
		7B92F3102917067700FDC9CA /* PressButtonProtocols.swift in Sources */ = {isa = PBXBuildFile; fileRef = 7B92F30F2917067700FDC9CA /* PressButtonProtocols.swift */; };
		7B92F31329170BD300FDC9CA /* Notifications.swift in Sources */ = {isa = PBXBuildFile; fileRef = 7B92F31229170BD300FDC9CA /* Notifications.swift */; };
		7B92F3162917C9CA00FDC9CA /* SettingViewController.swift in Sources */ = {isa = PBXBuildFile; fileRef = 7B92F3152917C9CA00FDC9CA /* SettingViewController.swift */; };
		7B92F3182917CC7400FDC9CA /* MTUserDefaults.swift in Sources */ = {isa = PBXBuildFile; fileRef = 7B92F3172917CC7400FDC9CA /* MTUserDefaults.swift */; };
		7B92F33D29197EB600FDC9CA /* HelpTableViewCell.swift in Sources */ = {isa = PBXBuildFile; fileRef = 7B92F33C29197EB600FDC9CA /* HelpTableViewCell.swift */; };
		7B92F3402919933800FDC9CA /* CalendarViewController.swift in Sources */ = {isa = PBXBuildFile; fileRef = 7B92F33F2919933800FDC9CA /* CalendarViewController.swift */; };
		7BBE3689294127720000F228 /* AddEventTableViewController.swift in Sources */ = {isa = PBXBuildFile; fileRef = 7BBE3688294127720000F228 /* AddEventTableViewController.swift */; };
		7BBE368C2945111A0000F228 /* ImageViewController.swift in Sources */ = {isa = PBXBuildFile; fileRef = 7BBE368B2945111A0000F228 /* ImageViewController.swift */; };
		7BEABF452916F71500726E5E /* AppDelegate.swift in Sources */ = {isa = PBXBuildFile; fileRef = 7BEABF442916F71500726E5E /* AppDelegate.swift */; };
		7BEABF472916F71500726E5E /* SceneDelegate.swift in Sources */ = {isa = PBXBuildFile; fileRef = 7BEABF462916F71500726E5E /* SceneDelegate.swift */; };
		7BEABF492916F71500726E5E /* MainViewController.swift in Sources */ = {isa = PBXBuildFile; fileRef = 7BEABF482916F71500726E5E /* MainViewController.swift */; };
		7BEABF4C2916F71500726E5E /* Main.storyboard in Resources */ = {isa = PBXBuildFile; fileRef = 7BEABF4A2916F71500726E5E /* Main.storyboard */; };
		7BEABF4E2916F71900726E5E /* Assets.xcassets in Resources */ = {isa = PBXBuildFile; fileRef = 7BEABF4D2916F71900726E5E /* Assets.xcassets */; };
		7BEABF512916F71900726E5E /* LaunchScreen.storyboard in Resources */ = {isa = PBXBuildFile; fileRef = 7BEABF4F2916F71900726E5E /* LaunchScreen.storyboard */; };
		7BEABF5A2916F86700726E5E /* RealmSwift in Frameworks */ = {isa = PBXBuildFile; productRef = 7BEABF592916F86700726E5E /* RealmSwift */; };
/* End PBXBuildFile section */

/* Begin PBXFileReference section */
		7B0ED5A8293BEAB10077FE17 /* CalendarModel.swift */ = {isa = PBXFileReference; lastKnownFileType = sourcecode.swift; path = CalendarModel.swift; sourceTree = "<group>"; };
		7B0ED5AB293CA2E50077FE17 /* EventTableViewCell.swift */ = {isa = PBXFileReference; lastKnownFileType = sourcecode.swift; path = EventTableViewCell.swift; sourceTree = "<group>"; };
		7B0ED5B0293CA4970077FE17 /* SelfViewController.swift */ = {isa = PBXFileReference; lastKnownFileType = sourcecode.swift; path = SelfViewController.swift; sourceTree = "<group>"; };
		7B0ED5B2293CA6B00077FE17 /* CardTableViewController.swift */ = {isa = PBXFileReference; lastKnownFileType = sourcecode.swift; path = CardTableViewController.swift; sourceTree = "<group>"; };
		7B0ED5B5293E83BC0077FE17 /* BeerAlert.swift */ = {isa = PBXFileReference; lastKnownFileType = sourcecode.swift; path = BeerAlert.swift; sourceTree = "<group>"; };
		7B926780294BB04D00D19B90 /* ru */ = {isa = PBXFileReference; lastKnownFileType = text.plist.strings; name = ru; path = ru.lproj/Main.strings; sourceTree = "<group>"; };
		7B926781294BB04D00D19B90 /* ru */ = {isa = PBXFileReference; lastKnownFileType = text.plist.strings; name = ru; path = ru.lproj/LaunchScreen.strings; sourceTree = "<group>"; };
		7B92678A294BB0FB00D19B90 /* en */ = {isa = PBXFileReference; lastKnownFileType = text.plist.strings; name = en; path = en.lproj/Main.strings; sourceTree = "<group>"; };
		7B92F2FF2916FD9800FDC9CA /* TaskTableViewCell.swift */ = {isa = PBXFileReference; lastKnownFileType = sourcecode.swift; path = TaskTableViewCell.swift; sourceTree = "<group>"; };
		7B92F3032916FDC500FDC9CA /* AddTaskViewController.swift */ = {isa = PBXFileReference; lastKnownFileType = sourcecode.swift; path = AddTaskViewController.swift; sourceTree = "<group>"; };
		7B92F307291702F700FDC9CA /* RealmManager.swift */ = {isa = PBXFileReference; lastKnownFileType = sourcecode.swift; path = RealmManager.swift; sourceTree = "<group>"; };
		7B92F309291702FF00FDC9CA /* TaskModel.swift */ = {isa = PBXFileReference; lastKnownFileType = sourcecode.swift; path = TaskModel.swift; sourceTree = "<group>"; };
		7B92F30C2917049B00FDC9CA /* UIStackView + Extention.swift */ = {isa = PBXFileReference; lastKnownFileType = sourcecode.swift; path = "UIStackView + Extention.swift"; sourceTree = "<group>"; };
		7B92F30F2917067700FDC9CA /* PressButtonProtocols.swift */ = {isa = PBXFileReference; lastKnownFileType = sourcecode.swift; path = PressButtonProtocols.swift; sourceTree = "<group>"; };
		7B92F31229170BD300FDC9CA /* Notifications.swift */ = {isa = PBXFileReference; lastKnownFileType = sourcecode.swift; path = Notifications.swift; sourceTree = "<group>"; };
		7B92F3152917C9CA00FDC9CA /* SettingViewController.swift */ = {isa = PBXFileReference; lastKnownFileType = sourcecode.swift; path = SettingViewController.swift; sourceTree = "<group>"; };
		7B92F3172917CC7400FDC9CA /* MTUserDefaults.swift */ = {isa = PBXFileReference; lastKnownFileType = sourcecode.swift; path = MTUserDefaults.swift; sourceTree = "<group>"; };
		7B92F33C29197EB600FDC9CA /* HelpTableViewCell.swift */ = {isa = PBXFileReference; lastKnownFileType = sourcecode.swift; path = HelpTableViewCell.swift; sourceTree = "<group>"; };
		7B92F33F2919933800FDC9CA /* CalendarViewController.swift */ = {isa = PBXFileReference; lastKnownFileType = sourcecode.swift; path = CalendarViewController.swift; sourceTree = "<group>"; };
		7BBE3688294127720000F228 /* AddEventTableViewController.swift */ = {isa = PBXFileReference; lastKnownFileType = sourcecode.swift; path = AddEventTableViewController.swift; sourceTree = "<group>"; };
		7BBE368B2945111A0000F228 /* ImageViewController.swift */ = {isa = PBXFileReference; lastKnownFileType = sourcecode.swift; path = ImageViewController.swift; sourceTree = "<group>"; };
		7BEABF412916F71500726E5E /* TaskBeer.app */ = {isa = PBXFileReference; explicitFileType = wrapper.application; includeInIndex = 0; path = TaskBeer.app; sourceTree = BUILT_PRODUCTS_DIR; };
		7BEABF442916F71500726E5E /* AppDelegate.swift */ = {isa = PBXFileReference; lastKnownFileType = sourcecode.swift; path = AppDelegate.swift; sourceTree = "<group>"; };
		7BEABF462916F71500726E5E /* SceneDelegate.swift */ = {isa = PBXFileReference; lastKnownFileType = sourcecode.swift; path = SceneDelegate.swift; sourceTree = "<group>"; };
		7BEABF482916F71500726E5E /* MainViewController.swift */ = {isa = PBXFileReference; lastKnownFileType = sourcecode.swift; path = MainViewController.swift; sourceTree = "<group>"; };
		7BEABF4B2916F71500726E5E /* Base */ = {isa = PBXFileReference; lastKnownFileType = file.storyboard; name = Base; path = Base.lproj/Main.storyboard; sourceTree = "<group>"; };
		7BEABF4D2916F71900726E5E /* Assets.xcassets */ = {isa = PBXFileReference; lastKnownFileType = folder.assetcatalog; path = Assets.xcassets; sourceTree = "<group>"; };
		7BEABF502916F71900726E5E /* Base */ = {isa = PBXFileReference; lastKnownFileType = file.storyboard; name = Base; path = Base.lproj/LaunchScreen.storyboard; sourceTree = "<group>"; };
		7BEABF522916F71900726E5E /* Info.plist */ = {isa = PBXFileReference; lastKnownFileType = text.plist.xml; path = Info.plist; sourceTree = "<group>"; };
/* End PBXFileReference section */

/* Begin PBXFrameworksBuildPhase section */
		7BEABF3E2916F71500726E5E /* Frameworks */ = {
			isa = PBXFrameworksBuildPhase;
			buildActionMask = 2147483647;
			files = (
				7BEABF5A2916F86700726E5E /* RealmSwift in Frameworks */,
				7B0ED5AF293CA46F0077FE17 /* FSCalendar in Frameworks */,
			);
			runOnlyForDeploymentPostprocessing = 0;
		};
/* End PBXFrameworksBuildPhase section */

/* Begin PBXGroup section */
		7B0ED5AA293CA2C30077FE17 /* Cells */ = {
			isa = PBXGroup;
			children = (
				7B0ED5AB293CA2E50077FE17 /* EventTableViewCell.swift */,
			);
			path = Cells;
			sourceTree = "<group>";
		};
		7B0ED5B4293E83A50077FE17 /* Alerts */ = {
			isa = PBXGroup;
			children = (
				7B0ED5B5293E83BC0077FE17 /* BeerAlert.swift */,
			);
			path = Alerts;
			sourceTree = "<group>";
		};
		7B92F3012916FD9D00FDC9CA /* Cells */ = {
			isa = PBXGroup;
			children = (
				7B92F2FF2916FD9800FDC9CA /* TaskTableViewCell.swift */,
			);
			path = Cells;
			sourceTree = "<group>";
		};
		7B92F3022916FDA600FDC9CA /* TaskViewControllers */ = {
			isa = PBXGroup;
			children = (
				7BEABF482916F71500726E5E /* MainViewController.swift */,
				7B92F3032916FDC500FDC9CA /* AddTaskViewController.swift */,
				7B92F3012916FD9D00FDC9CA /* Cells */,
			);
			path = TaskViewControllers;
			sourceTree = "<group>";
		};
		7B92F305291702DA00FDC9CA /* Models */ = {
			isa = PBXGroup;
			children = (
				7B92F309291702FF00FDC9CA /* TaskModel.swift */,
				7B0ED5A8293BEAB10077FE17 /* CalendarModel.swift */,
			);
			path = Models;
			sourceTree = "<group>";
		};
		7B92F306291702E800FDC9CA /* Service */ = {
			isa = PBXGroup;
			children = (
				7B92F307291702F700FDC9CA /* RealmManager.swift */,
			);
			path = Service;
			sourceTree = "<group>";
		};
		7B92F30B2917048F00FDC9CA /* Extentions */ = {
			isa = PBXGroup;
			children = (
				7B92F30C2917049B00FDC9CA /* UIStackView + Extention.swift */,
			);
			path = Extentions;
			sourceTree = "<group>";
		};
		7B92F30E2917065B00FDC9CA /* Protocols */ = {
			isa = PBXGroup;
			children = (
				7B92F30F2917067700FDC9CA /* PressButtonProtocols.swift */,
			);
			path = Protocols;
			sourceTree = "<group>";
		};
		7B92F31129170BC500FDC9CA /* Notifications */ = {
			isa = PBXGroup;
			children = (
				7B92F31229170BD300FDC9CA /* Notifications.swift */,
			);
			path = Notifications;
			sourceTree = "<group>";
		};
		7B92F3142917C59600FDC9CA /* SettingViewController */ = {
			isa = PBXGroup;
			children = (
				7B92F3152917C9CA00FDC9CA /* SettingViewController.swift */,
				7B92F3172917CC7400FDC9CA /* MTUserDefaults.swift */,
				7B92F33B29197E9900FDC9CA /* Cell */,
			);
			path = SettingViewController;
			sourceTree = "<group>";
		};
		7B92F33B29197E9900FDC9CA /* Cell */ = {
			isa = PBXGroup;
			children = (
				7B92F33C29197EB600FDC9CA /* HelpTableViewCell.swift */,
			);
			path = Cell;
			sourceTree = "<group>";
		};
		7B92F33E2919931F00FDC9CA /* CalendarViewController */ = {
			isa = PBXGroup;
			children = (
				7B92F33F2919933800FDC9CA /* CalendarViewController.swift */,
				7B0ED5B0293CA4970077FE17 /* SelfViewController.swift */,
				7B0ED5B2293CA6B00077FE17 /* CardTableViewController.swift */,
				7BBE368B2945111A0000F228 /* ImageViewController.swift */,
				7B0ED5AA293CA2C30077FE17 /* Cells */,
				7BBE368A294134770000F228 /* ReservedViewController */,
			);
			path = CalendarViewController;
			sourceTree = "<group>";
		};
		7BBE368A294134770000F228 /* ReservedViewController */ = {
			isa = PBXGroup;
			children = (
				7BBE3688294127720000F228 /* AddEventTableViewController.swift */,
			);
			path = ReservedViewController;
			sourceTree = "<group>";
		};
		7BEABF382916F71500726E5E = {
			isa = PBXGroup;
			children = (
				7BEABF432916F71500726E5E /* TaskBeer */,
				7BEABF422916F71500726E5E /* Products */,
			);
			sourceTree = "<group>";
		};
		7BEABF422916F71500726E5E /* Products */ = {
			isa = PBXGroup;
			children = (
				7BEABF412916F71500726E5E /* TaskBeer.app */,
			);
			name = Products;
			sourceTree = "<group>";
		};
		7BEABF432916F71500726E5E /* TaskBeer */ = {
			isa = PBXGroup;
			children = (
				7BEABF442916F71500726E5E /* AppDelegate.swift */,
				7BEABF462916F71500726E5E /* SceneDelegate.swift */,
				7B92F3022916FDA600FDC9CA /* TaskViewControllers */,
				7B92F33E2919931F00FDC9CA /* CalendarViewController */,
				7B92F3142917C59600FDC9CA /* SettingViewController */,
				7B0ED5B4293E83A50077FE17 /* Alerts */,
				7B92F305291702DA00FDC9CA /* Models */,
				7B92F306291702E800FDC9CA /* Service */,
				7B92F31129170BC500FDC9CA /* Notifications */,
				7B92F30E2917065B00FDC9CA /* Protocols */,
				7B92F30B2917048F00FDC9CA /* Extentions */,
				7BEABF4A2916F71500726E5E /* Main.storyboard */,
				7BEABF4D2916F71900726E5E /* Assets.xcassets */,
				7BEABF4F2916F71900726E5E /* LaunchScreen.storyboard */,
				7BEABF522916F71900726E5E /* Info.plist */,
			);
			path = TaskBeer;
			sourceTree = "<group>";
		};
/* End PBXGroup section */

/* Begin PBXNativeTarget section */
		7BEABF402916F71500726E5E /* TaskBeer */ = {
			isa = PBXNativeTarget;
			buildConfigurationList = 7BEABF552916F71900726E5E /* Build configuration list for PBXNativeTarget "TaskBeer" */;
			buildPhases = (
				7BEABF3D2916F71500726E5E /* Sources */,
				7BEABF3E2916F71500726E5E /* Frameworks */,
				7BEABF3F2916F71500726E5E /* Resources */,
			);
			buildRules = (
			);
			dependencies = (
			);
			name = TaskBeer;
			packageProductDependencies = (
				7BEABF592916F86700726E5E /* RealmSwift */,
				7B0ED5AE293CA46F0077FE17 /* FSCalendar */,
			);
			productName = TaskBeer;
			productReference = 7BEABF412916F71500726E5E /* TaskBeer.app */;
			productType = "com.apple.product-type.application";
		};
/* End PBXNativeTarget section */

/* Begin PBXProject section */
		7BEABF392916F71500726E5E /* Project object */ = {
			isa = PBXProject;
			attributes = {
				BuildIndependentTargetsInParallel = 1;
				LastSwiftUpdateCheck = 1320;
				LastUpgradeCheck = 1320;
				TargetAttributes = {
					7BEABF402916F71500726E5E = {
						CreatedOnToolsVersion = 13.2.1;
					};
				};
			};
			buildConfigurationList = 7BEABF3C2916F71500726E5E /* Build configuration list for PBXProject "TaskBeer" */;
			compatibilityVersion = "Xcode 13.0";
			developmentRegion = en;
			hasScannedForEncodings = 0;
			knownRegions = (
				en,
				Base,
				ru,
			);
			mainGroup = 7BEABF382916F71500726E5E;
			packageReferences = (
				7BEABF582916F86700726E5E /* XCRemoteSwiftPackageReference "realm-swift" */,
				7B0ED5AD293CA46E0077FE17 /* XCRemoteSwiftPackageReference "FSCalendar" */,
			);
			productRefGroup = 7BEABF422916F71500726E5E /* Products */;
			projectDirPath = "";
			projectRoot = "";
			targets = (
				7BEABF402916F71500726E5E /* TaskBeer */,
			);
		};
/* End PBXProject section */

/* Begin PBXResourcesBuildPhase section */
		7BEABF3F2916F71500726E5E /* Resources */ = {
			isa = PBXResourcesBuildPhase;
			buildActionMask = 2147483647;
			files = (
				7BEABF512916F71900726E5E /* LaunchScreen.storyboard in Resources */,
				7BEABF4E2916F71900726E5E /* Assets.xcassets in Resources */,
				7BEABF4C2916F71500726E5E /* Main.storyboard in Resources */,
			);
			runOnlyForDeploymentPostprocessing = 0;
		};
/* End PBXResourcesBuildPhase section */

/* Begin PBXSourcesBuildPhase section */
		7BEABF3D2916F71500726E5E /* Sources */ = {
			isa = PBXSourcesBuildPhase;
			buildActionMask = 2147483647;
			files = (
				7B92F31329170BD300FDC9CA /* Notifications.swift in Sources */,
				7B0ED5A9293BEAB10077FE17 /* CalendarModel.swift in Sources */,
				7B92F3162917C9CA00FDC9CA /* SettingViewController.swift in Sources */,
				7B92F30D2917049B00FDC9CA /* UIStackView + Extention.swift in Sources */,
				7B92F3182917CC7400FDC9CA /* MTUserDefaults.swift in Sources */,
				7B92F3002916FD9800FDC9CA /* TaskTableViewCell.swift in Sources */,
				7B92F3102917067700FDC9CA /* PressButtonProtocols.swift in Sources */,
				7BEABF492916F71500726E5E /* MainViewController.swift in Sources */,
				7B0ED5AC293CA2E50077FE17 /* EventTableViewCell.swift in Sources */,
				7BEABF452916F71500726E5E /* AppDelegate.swift in Sources */,
				7BBE368C2945111A0000F228 /* ImageViewController.swift in Sources */,
				7BBE3689294127720000F228 /* AddEventTableViewController.swift in Sources */,
				7B92F33D29197EB600FDC9CA /* HelpTableViewCell.swift in Sources */,
				7B0ED5B1293CA4970077FE17 /* SelfViewController.swift in Sources */,
				7BEABF472916F71500726E5E /* SceneDelegate.swift in Sources */,
				7B92F3042916FDC500FDC9CA /* AddTaskViewController.swift in Sources */,
				7B92F308291702F700FDC9CA /* RealmManager.swift in Sources */,
				7B0ED5B6293E83BC0077FE17 /* BeerAlert.swift in Sources */,
				7B92F3402919933800FDC9CA /* CalendarViewController.swift in Sources */,
				7B92F30A291702FF00FDC9CA /* TaskModel.swift in Sources */,
				7B0ED5B3293CA6B00077FE17 /* CardTableViewController.swift in Sources */,
			);
			runOnlyForDeploymentPostprocessing = 0;
		};
/* End PBXSourcesBuildPhase section */

/* Begin PBXVariantGroup section */
		7BEABF4A2916F71500726E5E /* Main.storyboard */ = {
			isa = PBXVariantGroup;
			children = (
				7BEABF4B2916F71500726E5E /* Base */,
				7B926780294BB04D00D19B90 /* ru */,
				7B92678A294BB0FB00D19B90 /* en */,
			);
			name = Main.storyboard;
			sourceTree = "<group>";
		};
		7BEABF4F2916F71900726E5E /* LaunchScreen.storyboard */ = {
			isa = PBXVariantGroup;
			children = (
				7BEABF502916F71900726E5E /* Base */,
				7B926781294BB04D00D19B90 /* ru */,
			);
			name = LaunchScreen.storyboard;
			sourceTree = "<group>";
		};
/* End PBXVariantGroup section */

/* Begin XCBuildConfiguration section */
		7BEABF532916F71900726E5E /* Debug */ = {
			isa = XCBuildConfiguration;
			buildSettings = {
				ALWAYS_SEARCH_USER_PATHS = NO;
				CLANG_ANALYZER_LOCALIZABILITY_NONLOCALIZED = YES;
				CLANG_ANALYZER_NONNULL = YES;
				CLANG_ANALYZER_NUMBER_OBJECT_CONVERSION = YES_AGGRESSIVE;
				CLANG_CXX_LANGUAGE_STANDARD = "gnu++17";
				CLANG_CXX_LIBRARY = "libc++";
				CLANG_ENABLE_MODULES = YES;
				CLANG_ENABLE_OBJC_ARC = YES;
				CLANG_ENABLE_OBJC_WEAK = YES;
				CLANG_WARN_BLOCK_CAPTURE_AUTORELEASING = YES;
				CLANG_WARN_BOOL_CONVERSION = YES;
				CLANG_WARN_COMMA = YES;
				CLANG_WARN_CONSTANT_CONVERSION = YES;
				CLANG_WARN_DEPRECATED_OBJC_IMPLEMENTATIONS = YES;
				CLANG_WARN_DIRECT_OBJC_ISA_USAGE = YES_ERROR;
				CLANG_WARN_DOCUMENTATION_COMMENTS = YES;
				CLANG_WARN_EMPTY_BODY = YES;
				CLANG_WARN_ENUM_CONVERSION = YES;
				CLANG_WARN_INFINITE_RECURSION = YES;
				CLANG_WARN_INT_CONVERSION = YES;
				CLANG_WARN_NON_LITERAL_NULL_CONVERSION = YES;
				CLANG_WARN_OBJC_IMPLICIT_RETAIN_SELF = YES;
				CLANG_WARN_OBJC_LITERAL_CONVERSION = YES;
				CLANG_WARN_OBJC_ROOT_CLASS = YES_ERROR;
				CLANG_WARN_QUOTED_INCLUDE_IN_FRAMEWORK_HEADER = YES;
				CLANG_WARN_RANGE_LOOP_ANALYSIS = YES;
				CLANG_WARN_STRICT_PROTOTYPES = YES;
				CLANG_WARN_SUSPICIOUS_MOVE = YES;
				CLANG_WARN_UNGUARDED_AVAILABILITY = YES_AGGRESSIVE;
				CLANG_WARN_UNREACHABLE_CODE = YES;
				CLANG_WARN__DUPLICATE_METHOD_MATCH = YES;
				COPY_PHASE_STRIP = NO;
				DEBUG_INFORMATION_FORMAT = dwarf;
				ENABLE_STRICT_OBJC_MSGSEND = YES;
				ENABLE_TESTABILITY = YES;
				GCC_C_LANGUAGE_STANDARD = gnu11;
				GCC_DYNAMIC_NO_PIC = NO;
				GCC_NO_COMMON_BLOCKS = YES;
				GCC_OPTIMIZATION_LEVEL = 0;
				GCC_PREPROCESSOR_DEFINITIONS = (
					"DEBUG=1",
					"$(inherited)",
				);
				GCC_WARN_64_TO_32_BIT_CONVERSION = YES;
				GCC_WARN_ABOUT_RETURN_TYPE = YES_ERROR;
				GCC_WARN_UNDECLARED_SELECTOR = YES;
				GCC_WARN_UNINITIALIZED_AUTOS = YES_AGGRESSIVE;
				GCC_WARN_UNUSED_FUNCTION = YES;
				GCC_WARN_UNUSED_VARIABLE = YES;
				IPHONEOS_DEPLOYMENT_TARGET = 15.2;
				MTL_ENABLE_DEBUG_INFO = INCLUDE_SOURCE;
				MTL_FAST_MATH = YES;
				ONLY_ACTIVE_ARCH = YES;
				SDKROOT = iphoneos;
				SWIFT_ACTIVE_COMPILATION_CONDITIONS = DEBUG;
				SWIFT_OPTIMIZATION_LEVEL = "-Onone";
			};
			name = Debug;
		};
		7BEABF542916F71900726E5E /* Release */ = {
			isa = XCBuildConfiguration;
			buildSettings = {
				ALWAYS_SEARCH_USER_PATHS = NO;
				CLANG_ANALYZER_LOCALIZABILITY_NONLOCALIZED = YES;
				CLANG_ANALYZER_NONNULL = YES;
				CLANG_ANALYZER_NUMBER_OBJECT_CONVERSION = YES_AGGRESSIVE;
				CLANG_CXX_LANGUAGE_STANDARD = "gnu++17";
				CLANG_CXX_LIBRARY = "libc++";
				CLANG_ENABLE_MODULES = YES;
				CLANG_ENABLE_OBJC_ARC = YES;
				CLANG_ENABLE_OBJC_WEAK = YES;
				CLANG_WARN_BLOCK_CAPTURE_AUTORELEASING = YES;
				CLANG_WARN_BOOL_CONVERSION = YES;
				CLANG_WARN_COMMA = YES;
				CLANG_WARN_CONSTANT_CONVERSION = YES;
				CLANG_WARN_DEPRECATED_OBJC_IMPLEMENTATIONS = YES;
				CLANG_WARN_DIRECT_OBJC_ISA_USAGE = YES_ERROR;
				CLANG_WARN_DOCUMENTATION_COMMENTS = YES;
				CLANG_WARN_EMPTY_BODY = YES;
				CLANG_WARN_ENUM_CONVERSION = YES;
				CLANG_WARN_INFINITE_RECURSION = YES;
				CLANG_WARN_INT_CONVERSION = YES;
				CLANG_WARN_NON_LITERAL_NULL_CONVERSION = YES;
				CLANG_WARN_OBJC_IMPLICIT_RETAIN_SELF = YES;
				CLANG_WARN_OBJC_LITERAL_CONVERSION = YES;
				CLANG_WARN_OBJC_ROOT_CLASS = YES_ERROR;
				CLANG_WARN_QUOTED_INCLUDE_IN_FRAMEWORK_HEADER = YES;
				CLANG_WARN_RANGE_LOOP_ANALYSIS = YES;
				CLANG_WARN_STRICT_PROTOTYPES = YES;
				CLANG_WARN_SUSPICIOUS_MOVE = YES;
				CLANG_WARN_UNGUARDED_AVAILABILITY = YES_AGGRESSIVE;
				CLANG_WARN_UNREACHABLE_CODE = YES;
				CLANG_WARN__DUPLICATE_METHOD_MATCH = YES;
				COPY_PHASE_STRIP = NO;
				DEBUG_INFORMATION_FORMAT = "dwarf-with-dsym";
				ENABLE_NS_ASSERTIONS = NO;
				ENABLE_STRICT_OBJC_MSGSEND = YES;
				GCC_C_LANGUAGE_STANDARD = gnu11;
				GCC_NO_COMMON_BLOCKS = YES;
				GCC_WARN_64_TO_32_BIT_CONVERSION = YES;
				GCC_WARN_ABOUT_RETURN_TYPE = YES_ERROR;
				GCC_WARN_UNDECLARED_SELECTOR = YES;
				GCC_WARN_UNINITIALIZED_AUTOS = YES_AGGRESSIVE;
				GCC_WARN_UNUSED_FUNCTION = YES;
				GCC_WARN_UNUSED_VARIABLE = YES;
				IPHONEOS_DEPLOYMENT_TARGET = 15.2;
				MTL_ENABLE_DEBUG_INFO = NO;
				MTL_FAST_MATH = YES;
				SDKROOT = iphoneos;
				SWIFT_COMPILATION_MODE = wholemodule;
				SWIFT_OPTIMIZATION_LEVEL = "-O";
				VALIDATE_PRODUCT = YES;
			};
			name = Release;
		};
		7BEABF562916F71900726E5E /* Debug */ = {
			isa = XCBuildConfiguration;
			buildSettings = {
				ASSETCATALOG_COMPILER_APPICON_NAME = AppIcon;
				ASSETCATALOG_COMPILER_GLOBAL_ACCENT_COLOR_NAME = AccentColor;
				CODE_SIGN_STYLE = Automatic;
				CURRENT_PROJECT_VERSION = 1;
				DEVELOPMENT_TEAM = VY7N45S8K7;
				GENERATE_INFOPLIST_FILE = YES;
				INFOPLIST_FILE = TaskBeer/Info.plist;
				INFOPLIST_KEY_NSCameraUsageDescription = "$(PRODUCT_NAME) photo use";
				INFOPLIST_KEY_UIApplicationSupportsIndirectInputEvents = YES;
				INFOPLIST_KEY_UILaunchStoryboardName = LaunchScreen;
				INFOPLIST_KEY_UIMainStoryboardFile = Main;
				INFOPLIST_KEY_UISupportedInterfaceOrientations = "";
				INFOPLIST_KEY_UISupportedInterfaceOrientations_iPad = "UIInterfaceOrientationPortrait UIInterfaceOrientationPortraitUpsideDown UIInterfaceOrientationLandscapeLeft UIInterfaceOrientationLandscapeRight";
				INFOPLIST_KEY_UISupportedInterfaceOrientations_iPhone = "UIInterfaceOrientationPortrait UIInterfaceOrientationLandscapeLeft UIInterfaceOrientationLandscapeRight";
				LD_RUNPATH_SEARCH_PATHS = (
					"$(inherited)",
					"@executable_path/Frameworks",
				);
				MARKETING_VERSION = 1.0;
				PRODUCT_BUNDLE_IDENTIFIER = PavelChirkov.TaskBeer;
				PRODUCT_NAME = "$(TARGET_NAME)";
				SWIFT_EMIT_LOC_STRINGS = YES;
				SWIFT_VERSION = 5.0;
				TARGETED_DEVICE_FAMILY = 1;
			};
			name = Debug;
		};
		7BEABF572916F71900726E5E /* Release */ = {
			isa = XCBuildConfiguration;
			buildSettings = {
				ASSETCATALOG_COMPILER_APPICON_NAME = AppIcon;
				ASSETCATALOG_COMPILER_GLOBAL_ACCENT_COLOR_NAME = AccentColor;
				CODE_SIGN_STYLE = Automatic;
				CURRENT_PROJECT_VERSION = 1;
				DEVELOPMENT_TEAM = VY7N45S8K7;
				GENERATE_INFOPLIST_FILE = YES;
				INFOPLIST_FILE = TaskBeer/Info.plist;
				INFOPLIST_KEY_NSCameraUsageDescription = "$(PRODUCT_NAME) photo use";
				INFOPLIST_KEY_UIApplicationSupportsIndirectInputEvents = YES;
				INFOPLIST_KEY_UILaunchStoryboardName = LaunchScreen;
				INFOPLIST_KEY_UIMainStoryboardFile = Main;
				INFOPLIST_KEY_UISupportedInterfaceOrientations = "";
				INFOPLIST_KEY_UISupportedInterfaceOrientations_iPad = "UIInterfaceOrientationPortrait UIInterfaceOrientationPortraitUpsideDown UIInterfaceOrientationLandscapeLeft UIInterfaceOrientationLandscapeRight";
				INFOPLIST_KEY_UISupportedInterfaceOrientations_iPhone = "UIInterfaceOrientationPortrait UIInterfaceOrientationLandscapeLeft UIInterfaceOrientationLandscapeRight";
				LD_RUNPATH_SEARCH_PATHS = (
					"$(inherited)",
					"@executable_path/Frameworks",
				);
				MARKETING_VERSION = 1.0;
				PRODUCT_BUNDLE_IDENTIFIER = PavelChirkov.TaskBeer;
				PRODUCT_NAME = "$(TARGET_NAME)";
				SWIFT_EMIT_LOC_STRINGS = YES;
				SWIFT_VERSION = 5.0;
				TARGETED_DEVICE_FAMILY = 1;
			};
			name = Release;
		};
/* End XCBuildConfiguration section */

/* Begin XCConfigurationList section */
		7BEABF3C2916F71500726E5E /* Build configuration list for PBXProject "TaskBeer" */ = {
			isa = XCConfigurationList;
			buildConfigurations = (
				7BEABF532916F71900726E5E /* Debug */,
				7BEABF542916F71900726E5E /* Release */,
			);
			defaultConfigurationIsVisible = 0;
			defaultConfigurationName = Release;
		};
		7BEABF552916F71900726E5E /* Build configuration list for PBXNativeTarget "TaskBeer" */ = {
			isa = XCConfigurationList;
			buildConfigurations = (
				7BEABF562916F71900726E5E /* Debug */,
				7BEABF572916F71900726E5E /* Release */,
			);
			defaultConfigurationIsVisible = 0;
			defaultConfigurationName = Release;
		};
/* End XCConfigurationList section */

/* Begin XCRemoteSwiftPackageReference section */
		7B0ED5AD293CA46E0077FE17 /* XCRemoteSwiftPackageReference "FSCalendar" */ = {
			isa = XCRemoteSwiftPackageReference;
			repositoryURL = "https://github.com/WenchaoD/FSCalendar";
			requirement = {
				kind = upToNextMajorVersion;
				minimumVersion = 2.0.0;
			};
		};
		7BEABF582916F86700726E5E /* XCRemoteSwiftPackageReference "realm-swift" */ = {
			isa = XCRemoteSwiftPackageReference;
			repositoryURL = "https://github.com/realm/realm-swift.git";
			requirement = {
				branch = master;
				kind = branch;
			};
		};
/* End XCRemoteSwiftPackageReference section */

/* Begin XCSwiftPackageProductDependency section */
		7B0ED5AE293CA46F0077FE17 /* FSCalendar */ = {
			isa = XCSwiftPackageProductDependency;
			package = 7B0ED5AD293CA46E0077FE17 /* XCRemoteSwiftPackageReference "FSCalendar" */;
			productName = FSCalendar;
		};
		7BEABF592916F86700726E5E /* RealmSwift */ = {
			isa = XCSwiftPackageProductDependency;
			package = 7BEABF582916F86700726E5E /* XCRemoteSwiftPackageReference "realm-swift" */;
			productName = RealmSwift;
		};
/* End XCSwiftPackageProductDependency section */
	};
	rootObject = 7BEABF392916F71500726E5E /* Project object */;
}
